
Microsoft Visual Studio Solution File, Format Version 12.00
# Visual Studio Version 17
VisualStudioVersion = 17.1.32228.430
MinimumVisualStudioVersion = 10.0.40219.1
Project("{9A19103F-16F7-4668-BE54-9A1E7A4F7556}") = "UIBuilderForWPF", "UIBuilderForWPF\UIBuilderForWPF.csproj", "{41D95B2D-AD07-4D39-A03A-785152F0B0EF}"
EndProject
Global
	GlobalSection(SolutionConfigurationPlatforms) = preSolution
		Debug|Any CPU = Debug|Any CPU
		Release|Any CPU = Release|Any CPU
	EndGlobalSection
	GlobalSection(ProjectConfigurationPlatforms) = postSolution
		{41D95B2D-AD07-4D39-A03A-785152F0B0EF}.Debug|Any CPU.ActiveCfg = Debug|Any CPU
		{41D95B2D-AD07-4D39-A03A-785152F0B0EF}.Debug|Any CPU.Build.0 = Debug|Any CPU
		{41D95B2D-AD07-4D39-A03A-785152F0B0EF}.Release|Any CPU.ActiveCfg = Release|Any CPU
		{41D95B2D-AD07-4D39-A03A-785152F0B0EF}.Release|Any CPU.Build.0 = Release|Any CPU
	EndGlobalSection
	GlobalSection(SolutionProperties) = preSolution
		HideSolutionNode = FALSE
	EndGlobalSection
	GlobalSection(ExtensibilityGlobals) = postSolution
		SolutionGuid = {9F1BB188-D0AC-4435-BBAE-9CACC359932E}
	EndGlobalSection
EndGlobal
